{
    "name": "patient-app",
    "version": "0.0.1",
    "lockfileVersion": 2,
    "requires": true,
    "packages": {
        "": {
            "name": "patient-app",
            "version": "0.0.1",
            "hasInstallScript": true,
            "engines": {
                "node": "16.x"
            }
        }
    }
}
